
Microsoft Visual Studio Solution File, Format Version 12.00
# Visual Studio Version 17
VisualStudioVersion = 17.0.31903.59
MinimumVisualStudioVersion = 10.0.40219.1
Project("{FAE04EC0-301F-11D3-BF4B-00C04F79EFBC}") = "Api", "Api\Api.csproj", "{FB79DF7F-B9FA-4825-86BD-A31FA1F35C9F}"
EndProject
Project("{FAE04EC0-301F-11D3-BF4B-00C04F79EFBC}") = "Api.Tests", "Api.Tests\Api.Tests.csproj", "{D7866D8F-50B0-45BC-B1DF-307119B9EE11}"
EndProject
Global
	GlobalSection(SolutionConfigurationPlatforms) = preSolution
		Debug|Any CPU = Debug|Any CPU
		Release|Any CPU = Release|Any CPU
	EndGlobalSection
	GlobalSection(SolutionProperties) = preSolution
		HideSolutionNode = FALSE
	EndGlobalSection
	GlobalSection(ProjectConfigurationPlatforms) = postSolution
		{FB79DF7F-B9FA-4825-86BD-A31FA1F35C9F}.Debug|Any CPU.ActiveCfg = Debug|Any CPU
		{FB79DF7F-B9FA-4825-86BD-A31FA1F35C9F}.Debug|Any CPU.Build.0 = Debug|Any CPU
		{FB79DF7F-B9FA-4825-86BD-A31FA1F35C9F}.Release|Any CPU.ActiveCfg = Release|Any CPU
		{FB79DF7F-B9FA-4825-86BD-A31FA1F35C9F}.Release|Any CPU.Build.0 = Release|Any CPU
		{D7866D8F-50B0-45BC-B1DF-307119B9EE11}.Debug|Any CPU.ActiveCfg = Debug|Any CPU
		{D7866D8F-50B0-45BC-B1DF-307119B9EE11}.Debug|Any CPU.Build.0 = Debug|Any CPU
		{D7866D8F-50B0-45BC-B1DF-307119B9EE11}.Release|Any CPU.ActiveCfg = Release|Any CPU
		{D7866D8F-50B0-45BC-B1DF-307119B9EE11}.Release|Any CPU.Build.0 = Release|Any CPU
	EndGlobalSection
EndGlobal
